// !$*UTF8*$!
{
	archiveVersion = 1;
	classes = {
	};
	objectVersion = 56;
	objects = {

/* Begin PBXBuildFile section */
		0ACE40832C623211008DE490 /* ⏸️Pause.swift in Sources */ = {isa = PBXBuildFile; fileRef = 0ACE40582C623211008DE490 /* ⏸️Pause.swift */; };
		0ACE40842C623211008DE490 /* 🧮Score.swift in Sources */ = {isa = PBXBuildFile; fileRef = 0ACE40592C623211008DE490 /* 🧮Score.swift */; };
		0ACE40852C623211008DE490 /* SpaceTravelerApp.swift in Sources */ = {isa = PBXBuildFile; fileRef = 0ACE405A2C623211008DE490 /* SpaceTravelerApp.swift */; };
		0ACE40862C623211008DE490 /* 🧩FullScreenBackground.swift in Sources */ = {isa = PBXBuildFile; fileRef = 0ACE405B2C623211008DE490 /* 🧩FullScreenBackground.swift */; };
		0ACE40872C623211008DE490 /* 🔀Router.swift in Sources */ = {isa = PBXBuildFile; fileRef = 0ACE405C2C623211008DE490 /* 🔀Router.swift */; };
		0ACE40882C623211008DE490 /* Assets.xcassets in Resources */ = {isa = PBXBuildFile; fileRef = 0ACE405D2C623211008DE490 /* Assets.xcassets */; };
		0ACE40892C623211008DE490 /* Preview Assets.xcassets in Resources */ = {isa = PBXBuildFile; fileRef = 0ACE405F2C623211008DE490 /* Preview Assets.xcassets */; };
		0ACE408A2C623211008DE490 /* 🌈Gradients.swift in Sources */ = {isa = PBXBuildFile; fileRef = 0ACE40602C623211008DE490 /* 🌈Gradients.swift */; };
		0ACE408B2C623211008DE490 /* 📰Histories.swift in Sources */ = {isa = PBXBuildFile; fileRef = 0ACE40612C623211008DE490 /* 📰Histories.swift */; };
		0ACE408C2C623211008DE490 /* 💍Adventure.swift in Sources */ = {isa = PBXBuildFile; fileRef = 0ACE40622C623211008DE490 /* 💍Adventure.swift */; };
		0ACE408D2C623211008DE490 /* 👑Treasury.swift in Sources */ = {isa = PBXBuildFile; fileRef = 0ACE40632C623211008DE490 /* 👑Treasury.swift */; };
		0ACE408E2C623211008DE490 /* 🏆History.swift in Sources */ = {isa = PBXBuildFile; fileRef = 0ACE40642C623211008DE490 /* 🏆History.swift */; };
		0ACE408F2C623211008DE490 /* Launch Screen.storyboard in Resources */ = {isa = PBXBuildFile; fileRef = 0ACE40652C623211008DE490 /* Launch Screen.storyboard */; };
		0ACE40902C623211008DE490 /* 🔁NotDiscovered.swift in Sources */ = {isa = PBXBuildFile; fileRef = 0ACE40662C623211008DE490 /* 🔁NotDiscovered.swift */; };
		0ACE40912C623211008DE490 /* 🧩Fonts.swift in Sources */ = {isa = PBXBuildFile; fileRef = 0ACE40672C623211008DE490 /* 🧩Fonts.swift */; };
		0ACE40922C623211008DE490 /* AlumniSans-Medium.otf in Resources */ = {isa = PBXBuildFile; fileRef = 0ACE406A2C623211008DE490 /* AlumniSans-Medium.otf */; };
		0ACE40932C623211008DE490 /* Lemon-Regular.otf in Resources */ = {isa = PBXBuildFile; fileRef = 0ACE406C2C623211008DE490 /* Lemon-Regular.otf */; };
		0ACE40942C623211008DE490 /* LeagueGothic-Regular.otf in Resources */ = {isa = PBXBuildFile; fileRef = 0ACE406E2C623211008DE490 /* LeagueGothic-Regular.otf */; };
		0ACE40952C623211008DE490 /* Cabin-Medium.otf in Resources */ = {isa = PBXBuildFile; fileRef = 0ACE40702C623211008DE490 /* Cabin-Medium.otf */; };
		0ACE40962C623211008DE490 /* Cabin-Bold.otf in Resources */ = {isa = PBXBuildFile; fileRef = 0ACE40712C623211008DE490 /* Cabin-Bold.otf */; };
		0ACE40972C623211008DE490 /* ❌TryAgain.swift in Sources */ = {isa = PBXBuildFile; fileRef = 0ACE40722C623211008DE490 /* ❌TryAgain.swift */; };
		0ACE40982C623211008DE490 /* 🥇YouWin.swift in Sources */ = {isa = PBXBuildFile; fileRef = 0ACE40732C623211008DE490 /* 🥇YouWin.swift */; };
		0ACE40992C623211008DE490 /* ContentView.swift in Sources */ = {isa = PBXBuildFile; fileRef = 0ACE40742C623211008DE490 /* ContentView.swift */; };
		0ACE409A2C623211008DE490 /* 🎁NewTreasure.swift in Sources */ = {isa = PBXBuildFile; fileRef = 0ACE40752C623211008DE490 /* 🎁NewTreasure.swift */; };
		0ACE409B2C623211008DE490 /* 🎲Menu.swift in Sources */ = {isa = PBXBuildFile; fileRef = 0ACE40762C623211008DE490 /* 🎲Menu.swift */; };
		0ACE409C2C623211008DE490 /* 🪂Parachute.swift in Sources */ = {isa = PBXBuildFile; fileRef = 0ACE40782C623211008DE490 /* 🪂Parachute.swift */; };
		0ACE409D2C623211008DE490 /* 🕹️Control.swift in Sources */ = {isa = PBXBuildFile; fileRef = 0ACE40792C623211008DE490 /* 🕹️Control.swift */; };
		0ACE409E2C623211008DE490 /* 🟧ArtefactCell.swift in Sources */ = {isa = PBXBuildFile; fileRef = 0ACE407A2C623211008DE490 /* 🟧ArtefactCell.swift */; };
		0ACE409F2C623211008DE490 /* 🚥TreasuryStop.swift in Sources */ = {isa = PBXBuildFile; fileRef = 0ACE407B2C623211008DE490 /* 🚥TreasuryStop.swift */; };
		0ACE40A02C623211008DE490 /* 💣ArtefactsWall.swift in Sources */ = {isa = PBXBuildFile; fileRef = 0ACE407C2C623211008DE490 /* 💣ArtefactsWall.swift */; };
		0ACE40A12C623211008DE490 /* 🏃🏽‍♂️‍➡️Runner.swift in Sources */ = {isa = PBXBuildFile; fileRef = 0ACE407D2C623211008DE490 /* 🏃🏽‍♂️‍➡️Runner.swift */; };
		0ACE40A22C623211008DE490 /* 😵Crashed.swift in Sources */ = {isa = PBXBuildFile; fileRef = 0ACE407E2C623211008DE490 /* 😵Crashed.swift */; };
		0ACE40A32C623211008DE490 /* 🎮Game.swift in Sources */ = {isa = PBXBuildFile; fileRef = 0ACE407F2C623211008DE490 /* 🎮Game.swift */; };
		0ACE40A42C623211008DE490 /* 🏜️Ground.swift in Sources */ = {isa = PBXBuildFile; fileRef = 0ACE40802C623211008DE490 /* 🏜️Ground.swift */; };
		0ACE40A62C623211008DE490 /* ☠️History.swift in Sources */ = {isa = PBXBuildFile; fileRef = 0ACE40822C623211008DE490 /* ☠️History.swift */; };
/* End PBXBuildFile section */

/* Begin PBXFileReference section */
		0ACE40582C623211008DE490 /* ⏸️Pause.swift */ = {isa = PBXFileReference; fileEncoding = 4; lastKnownFileType = sourcecode.swift; path = "⏸️Pause.swift"; sourceTree = "<group>"; };
		0ACE40592C623211008DE490 /* 🧮Score.swift */ = {isa = PBXFileReference; fileEncoding = 4; lastKnownFileType = sourcecode.swift; path = "🧮Score.swift"; sourceTree = "<group>"; };
		0ACE405A2C623211008DE490 /* SpaceTravelerApp.swift */ = {isa = PBXFileReference; fileEncoding = 4; lastKnownFileType = sourcecode.swift; path = SpaceTravelerApp.swift; sourceTree = "<group>"; };
		0ACE405B2C623211008DE490 /* 🧩FullScreenBackground.swift */ = {isa = PBXFileReference; fileEncoding = 4; lastKnownFileType = sourcecode.swift; path = "🧩FullScreenBackground.swift"; sourceTree = "<group>"; };
		0ACE405C2C623211008DE490 /* 🔀Router.swift */ = {isa = PBXFileReference; fileEncoding = 4; lastKnownFileType = sourcecode.swift; path = "🔀Router.swift"; sourceTree = "<group>"; };
		0ACE405D2C623211008DE490 /* Assets.xcassets */ = {isa = PBXFileReference; lastKnownFileType = folder.assetcatalog; path = Assets.xcassets; sourceTree = "<group>"; };
		0ACE405F2C623211008DE490 /* Preview Assets.xcassets */ = {isa = PBXFileReference; lastKnownFileType = folder.assetcatalog; path = "Preview Assets.xcassets"; sourceTree = "<group>"; };
		0ACE40602C623211008DE490 /* 🌈Gradients.swift */ = {isa = PBXFileReference; fileEncoding = 4; lastKnownFileType = sourcecode.swift; path = "🌈Gradients.swift"; sourceTree = "<group>"; };
		0ACE40612C623211008DE490 /* 📰Histories.swift */ = {isa = PBXFileReference; fileEncoding = 4; lastKnownFileType = sourcecode.swift; path = "📰Histories.swift"; sourceTree = "<group>"; };
		0ACE40622C623211008DE490 /* 💍Adventure.swift */ = {isa = PBXFileReference; fileEncoding = 4; lastKnownFileType = sourcecode.swift; path = "💍Adventure.swift"; sourceTree = "<group>"; };
		0ACE40632C623211008DE490 /* 👑Treasury.swift */ = {isa = PBXFileReference; fileEncoding = 4; lastKnownFileType = sourcecode.swift; path = "👑Treasury.swift"; sourceTree = "<group>"; };
		0ACE40642C623211008DE490 /* 🏆History.swift */ = {isa = PBXFileReference; fileEncoding = 4; lastKnownFileType = sourcecode.swift; path = "🏆History.swift"; sourceTree = "<group>"; };
		0ACE40652C623211008DE490 /* Launch Screen.storyboard */ = {isa = PBXFileReference; fileEncoding = 4; lastKnownFileType = file.storyboard; path = "Launch Screen.storyboard"; sourceTree = "<group>"; };
		0ACE40662C623211008DE490 /* 🔁NotDiscovered.swift */ = {isa = PBXFileReference; fileEncoding = 4; lastKnownFileType = sourcecode.swift; path = "🔁NotDiscovered.swift"; sourceTree = "<group>"; };
		0ACE40672C623211008DE490 /* 🧩Fonts.swift */ = {isa = PBXFileReference; fileEncoding = 4; lastKnownFileType = sourcecode.swift; path = "🧩Fonts.swift"; sourceTree = "<group>"; };
		0ACE406A2C623211008DE490 /* AlumniSans-Medium.otf */ = {isa = PBXFileReference; lastKnownFileType = file; path = "AlumniSans-Medium.otf"; sourceTree = "<group>"; };
		0ACE406C2C623211008DE490 /* Lemon-Regular.otf */ = {isa = PBXFileReference; lastKnownFileType = file; path = "Lemon-Regular.otf"; sourceTree = "<group>"; };
		0ACE406E2C623211008DE490 /* LeagueGothic-Regular.otf */ = {isa = PBXFileReference; lastKnownFileType = file; path = "LeagueGothic-Regular.otf"; sourceTree = "<group>"; };
		0ACE40702C623211008DE490 /* Cabin-Medium.otf */ = {isa = PBXFileReference; lastKnownFileType = file; path = "Cabin-Medium.otf"; sourceTree = "<group>"; };
		0ACE40712C623211008DE490 /* Cabin-Bold.otf */ = {isa = PBXFileReference; lastKnownFileType = file; path = "Cabin-Bold.otf"; sourceTree = "<group>"; };
		0ACE40722C623211008DE490 /* ❌TryAgain.swift */ = {isa = PBXFileReference; fileEncoding = 4; lastKnownFileType = sourcecode.swift; path = "❌TryAgain.swift"; sourceTree = "<group>"; };
		0ACE40732C623211008DE490 /* 🥇YouWin.swift */ = {isa = PBXFileReference; fileEncoding = 4; lastKnownFileType = sourcecode.swift; path = "🥇YouWin.swift"; sourceTree = "<group>"; };
		0ACE40742C623211008DE490 /* ContentView.swift */ = {isa = PBXFileReference; fileEncoding = 4; lastKnownFileType = sourcecode.swift; path = ContentView.swift; sourceTree = "<group>"; };
		0ACE40752C623211008DE490 /* 🎁NewTreasure.swift */ = {isa = PBXFileReference; fileEncoding = 4; lastKnownFileType = sourcecode.swift; path = "🎁NewTreasure.swift"; sourceTree = "<group>"; };
		0ACE40762C623211008DE490 /* 🎲Menu.swift */ = {isa = PBXFileReference; fileEncoding = 4; lastKnownFileType = sourcecode.swift; path = "🎲Menu.swift"; sourceTree = "<group>"; };
		0ACE40782C623211008DE490 /* 🪂Parachute.swift */ = {isa = PBXFileReference; fileEncoding = 4; lastKnownFileType = sourcecode.swift; path = "🪂Parachute.swift"; sourceTree = "<group>"; };
		0ACE40792C623211008DE490 /* 🕹️Control.swift */ = {isa = PBXFileReference; fileEncoding = 4; lastKnownFileType = sourcecode.swift; path = "🕹️Control.swift"; sourceTree = "<group>"; };
		0ACE407A2C623211008DE490 /* 🟧ArtefactCell.swift */ = {isa = PBXFileReference; fileEncoding = 4; lastKnownFileType = sourcecode.swift; path = "🟧ArtefactCell.swift"; sourceTree = "<group>"; };
		0ACE407B2C623211008DE490 /* 🚥TreasuryStop.swift */ = {isa = PBXFileReference; fileEncoding = 4; lastKnownFileType = sourcecode.swift; path = "🚥TreasuryStop.swift"; sourceTree = "<group>"; };
		0ACE407C2C623211008DE490 /* 💣ArtefactsWall.swift */ = {isa = PBXFileReference; fileEncoding = 4; lastKnownFileType = sourcecode.swift; path = "💣ArtefactsWall.swift"; sourceTree = "<group>"; };
		0ACE407D2C623211008DE490 /* 🏃🏽‍♂️‍➡️Runner.swift */ = {isa = PBXFileReference; fileEncoding = 4; lastKnownFileType = sourcecode.swift; path = "🏃🏽‍♂️‍➡️Runner.swift"; sourceTree = "<group>"; };
		0ACE407E2C623211008DE490 /* 😵Crashed.swift */ = {isa = PBXFileReference; fileEncoding = 4; lastKnownFileType = sourcecode.swift; path = "😵Crashed.swift"; sourceTree = "<group>"; };
		0ACE407F2C623211008DE490 /* 🎮Game.swift */ = {isa = PBXFileReference; fileEncoding = 4; lastKnownFileType = sourcecode.swift; path = "🎮Game.swift"; sourceTree = "<group>"; };
		0ACE40802C623211008DE490 /* 🏜️Ground.swift */ = {isa = PBXFileReference; fileEncoding = 4; lastKnownFileType = sourcecode.swift; path = "🏜️Ground.swift"; sourceTree = "<group>"; };
		0ACE40812C623211008DE490 /* Info.plist */ = {isa = PBXFileReference; fileEncoding = 4; lastKnownFileType = text.plist.xml; path = Info.plist; sourceTree = "<group>"; };
		0ACE40822C623211008DE490 /* ☠️History.swift */ = {isa = PBXFileReference; fileEncoding = 4; lastKnownFileType = sourcecode.swift; path = "☠️History.swift"; sourceTree = "<group>"; };
		5C81BD142C61419400AFDCE2 /* Rolling Cosmo Balls.app */ = {isa = PBXFileReference; explicitFileType = wrapper.application; includeInIndex = 0; path = "Rolling Cosmo Balls.app"; sourceTree = BUILT_PRODUCTS_DIR; };
/* End PBXFileReference section */

/* Begin PBXFrameworksBuildPhase section */
		5C81BD112C61419400AFDCE2 /* Frameworks */ = {
			isa = PBXFrameworksBuildPhase;
			buildActionMask = 2147483647;
			files = (
			);
			runOnlyForDeploymentPostprocessing = 0;
		};
/* End PBXFrameworksBuildPhase section */

/* Begin PBXGroup section */
		0ACE40572C623211008DE490 /* Rolling Cosmo Balls */ = {
			isa = PBXGroup;
			children = (
				0ACE40582C623211008DE490 /* ⏸️Pause.swift */,
				0ACE40822C623211008DE490 /* ☠️History.swift */,
				0ACE40722C623211008DE490 /* ❌TryAgain.swift */,
				0ACE40602C623211008DE490 /* 🌈Gradients.swift */,
				0ACE40752C623211008DE490 /* 🎁NewTreasure.swift */,
				0ACE40772C623211008DE490 /* 🎮Game */,
				0ACE40762C623211008DE490 /* 🎲Menu.swift */,
				0ACE40642C623211008DE490 /* 🏆History.swift */,
				0ACE40632C623211008DE490 /* 👑Treasury.swift */,
				0ACE40622C623211008DE490 /* 💍Adventure.swift */,
				0ACE40612C623211008DE490 /* 📰Histories.swift */,
				0ACE405C2C623211008DE490 /* 🔀Router.swift */,
				0ACE40662C623211008DE490 /* 🔁NotDiscovered.swift */,
				0ACE40732C623211008DE490 /* 🥇YouWin.swift */,
				0ACE40672C623211008DE490 /* 🧩Fonts.swift */,
				0ACE405B2C623211008DE490 /* 🧩FullScreenBackground.swift */,
				0ACE40592C623211008DE490 /* 🧮Score.swift */,
				0ACE405D2C623211008DE490 /* Assets.xcassets */,
				0ACE40742C623211008DE490 /* ContentView.swift */,
				0ACE40682C623211008DE490 /* Fonts */,
				0ACE40812C623211008DE490 /* Info.plist */,
				0ACE40652C623211008DE490 /* Launch Screen.storyboard */,
				0ACE405E2C623211008DE490 /* Preview Content */,
				0ACE405A2C623211008DE490 /* SpaceTravelerApp.swift */,
			);
			path = "Rolling Cosmo Balls";
			sourceTree = "<group>";
		};
		0ACE405E2C623211008DE490 /* Preview Content */ = {
			isa = PBXGroup;
			children = (
				0ACE405F2C623211008DE490 /* Preview Assets.xcassets */,
			);
			path = "Preview Content";
			sourceTree = "<group>";
		};
		0ACE40682C623211008DE490 /* Fonts */ = {
			isa = PBXGroup;
			children = (
				0ACE40692C623211008DE490 /* AlumniSans */,
				0ACE406B2C623211008DE490 /* Lemon */,
				0ACE406D2C623211008DE490 /* LeagueGothic */,
				0ACE406F2C623211008DE490 /* Cabin */,
			);
			path = Fonts;
			sourceTree = "<group>";
		};
		0ACE40692C623211008DE490 /* AlumniSans */ = {
			isa = PBXGroup;
			children = (
				0ACE406A2C623211008DE490 /* AlumniSans-Medium.otf */,
			);
			path = AlumniSans;
			sourceTree = "<group>";
		};
		0ACE406B2C623211008DE490 /* Lemon */ = {
			isa = PBXGroup;
			children = (
				0ACE406C2C623211008DE490 /* Lemon-Regular.otf */,
			);
			path = Lemon;
			sourceTree = "<group>";
		};
		0ACE406D2C623211008DE490 /* LeagueGothic */ = {
			isa = PBXGroup;
			children = (
				0ACE406E2C623211008DE490 /* LeagueGothic-Regular.otf */,
			);
			path = LeagueGothic;
			sourceTree = "<group>";
		};
		0ACE406F2C623211008DE490 /* Cabin */ = {
			isa = PBXGroup;
			children = (
				0ACE40702C623211008DE490 /* Cabin-Medium.otf */,
				0ACE40712C623211008DE490 /* Cabin-Bold.otf */,
			);
			path = Cabin;
			sourceTree = "<group>";
		};
		0ACE40772C623211008DE490 /* 🎮Game */ = {
			isa = PBXGroup;
			children = (
				0ACE40782C623211008DE490 /* 🪂Parachute.swift */,
				0ACE40792C623211008DE490 /* 🕹️Control.swift */,
				0ACE407A2C623211008DE490 /* 🟧ArtefactCell.swift */,
				0ACE407B2C623211008DE490 /* 🚥TreasuryStop.swift */,
				0ACE407C2C623211008DE490 /* 💣ArtefactsWall.swift */,
				0ACE407D2C623211008DE490 /* 🏃🏽‍♂️‍➡️Runner.swift */,
				0ACE407E2C623211008DE490 /* 😵Crashed.swift */,
				0ACE407F2C623211008DE490 /* 🎮Game.swift */,
				0ACE40802C623211008DE490 /* 🏜️Ground.swift */,
			);
			path = "🎮Game";
			sourceTree = "<group>";
		};
		5C81BD0B2C61419400AFDCE2 = {
			isa = PBXGroup;
			children = (
				0ACE40572C623211008DE490 /* Rolling Cosmo Balls */,
				5C81BD152C61419400AFDCE2 /* Products */,
			);
			sourceTree = "<group>";
		};
		5C81BD152C61419400AFDCE2 /* Products */ = {
			isa = PBXGroup;
			children = (
				5C81BD142C61419400AFDCE2 /* Rolling Cosmo Balls.app */,
			);
			name = Products;
			sourceTree = "<group>";
		};
/* End PBXGroup section */

/* Begin PBXNativeTarget section */
		5C81BD132C61419400AFDCE2 /* Rolling Cosmo Balls */ = {
			isa = PBXNativeTarget;
			buildConfigurationList = 5C81BD222C61419600AFDCE2 /* Build configuration list for PBXNativeTarget "Rolling Cosmo Balls" */;
			buildPhases = (
				5C81BD102C61419400AFDCE2 /* Sources */,
				5C81BD112C61419400AFDCE2 /* Frameworks */,
				5C81BD122C61419400AFDCE2 /* Resources */,
			);
			buildRules = (
			);
			dependencies = (
			);
			name = "Rolling Cosmo Balls";
			productName = SpaceTraveler;
			productReference = 5C81BD142C61419400AFDCE2 /* Rolling Cosmo Balls.app */;
			productType = "com.apple.product-type.application";
		};
/* End PBXNativeTarget section */

/* Begin PBXProject section */
		5C81BD0C2C61419400AFDCE2 /* Project object */ = {
			isa = PBXProject;
			attributes = {
				BuildIndependentTargetsInParallel = 1;
				LastSwiftUpdateCheck = 1530;
				LastUpgradeCheck = 1530;
				TargetAttributes = {
					5C81BD132C61419400AFDCE2 = {
						CreatedOnToolsVersion = 15.3;
					};
				};
			};
			buildConfigurationList = 5C81BD0F2C61419400AFDCE2 /* Build configuration list for PBXProject "Rolling Cosmo Balls" */;
			compatibilityVersion = "Xcode 14.0";
			developmentRegion = en;
			hasScannedForEncodings = 0;
			knownRegions = (
				en,
				Base,
			);
			mainGroup = 5C81BD0B2C61419400AFDCE2;
			productRefGroup = 5C81BD152C61419400AFDCE2 /* Products */;
			projectDirPath = "";
			projectRoot = "";
			targets = (
				5C81BD132C61419400AFDCE2 /* Rolling Cosmo Balls */,
			);
		};
/* End PBXProject section */

/* Begin PBXResourcesBuildPhase section */
		5C81BD122C61419400AFDCE2 /* Resources */ = {
			isa = PBXResourcesBuildPhase;
			buildActionMask = 2147483647;
			files = (
				0ACE40962C623211008DE490 /* Cabin-Bold.otf in Resources */,
				0ACE408F2C623211008DE490 /* Launch Screen.storyboard in Resources */,
				0ACE40922C623211008DE490 /* AlumniSans-Medium.otf in Resources */,
				0ACE40892C623211008DE490 /* Preview Assets.xcassets in Resources */,
				0ACE40932C623211008DE490 /* Lemon-Regular.otf in Resources */,
				0ACE40882C623211008DE490 /* Assets.xcassets in Resources */,
				0ACE40942C623211008DE490 /* LeagueGothic-Regular.otf in Resources */,
				0ACE40952C623211008DE490 /* Cabin-Medium.otf in Resources */,
			);
			runOnlyForDeploymentPostprocessing = 0;
		};
/* End PBXResourcesBuildPhase section */

/* Begin PBXSourcesBuildPhase section */
		5C81BD102C61419400AFDCE2 /* Sources */ = {
			isa = PBXSourcesBuildPhase;
			buildActionMask = 2147483647;
			files = (
				0ACE40A42C623211008DE490 /* 🏜️Ground.swift in Sources */,
				0ACE409B2C623211008DE490 /* 🎲Menu.swift in Sources */,
				0ACE40A12C623211008DE490 /* 🏃🏽‍♂️‍➡️Runner.swift in Sources */,
				0ACE409A2C623211008DE490 /* 🎁NewTreasure.swift in Sources */,
				0ACE40842C623211008DE490 /* 🧮Score.swift in Sources */,
				0ACE40A02C623211008DE490 /* 💣ArtefactsWall.swift in Sources */,
				0ACE409C2C623211008DE490 /* 🪂Parachute.swift in Sources */,
				0ACE409D2C623211008DE490 /* 🕹️Control.swift in Sources */,
				0ACE40862C623211008DE490 /* 🧩FullScreenBackground.swift in Sources */,
				0ACE409F2C623211008DE490 /* 🚥TreasuryStop.swift in Sources */,
				0ACE408E2C623211008DE490 /* 🏆History.swift in Sources */,
				0ACE408B2C623211008DE490 /* 📰Histories.swift in Sources */,
				0ACE40872C623211008DE490 /* 🔀Router.swift in Sources */,
				0ACE40A32C623211008DE490 /* 🎮Game.swift in Sources */,
				0ACE40912C623211008DE490 /* 🧩Fonts.swift in Sources */,
				0ACE40972C623211008DE490 /* ❌TryAgain.swift in Sources */,
				0ACE40A22C623211008DE490 /* 😵Crashed.swift in Sources */,
				0ACE408C2C623211008DE490 /* 💍Adventure.swift in Sources */,
				0ACE408D2C623211008DE490 /* 👑Treasury.swift in Sources */,
				0ACE40A62C623211008DE490 /* ☠️History.swift in Sources */,
				0ACE409E2C623211008DE490 /* 🟧ArtefactCell.swift in Sources */,
				0ACE408A2C623211008DE490 /* 🌈Gradients.swift in Sources */,
				0ACE40902C623211008DE490 /* 🔁NotDiscovered.swift in Sources */,
				0ACE40992C623211008DE490 /* ContentView.swift in Sources */,
				0ACE40852C623211008DE490 /* SpaceTravelerApp.swift in Sources */,
				0ACE40832C623211008DE490 /* ⏸️Pause.swift in Sources */,
				0ACE40982C623211008DE490 /* 🥇YouWin.swift in Sources */,
			);
			runOnlyForDeploymentPostprocessing = 0;
		};
/* End PBXSourcesBuildPhase section */

/* Begin XCBuildConfiguration section */
		5C81BD202C61419600AFDCE2 /* Debug */ = {
			isa = XCBuildConfiguration;
			buildSettings = {
				ALWAYS_SEARCH_USER_PATHS = NO;
				ASSETCATALOG_COMPILER_GENERATE_SWIFT_ASSET_SYMBOL_EXTENSIONS = YES;
				CLANG_ANALYZER_NONNULL = YES;
				CLANG_ANALYZER_NUMBER_OBJECT_CONVERSION = YES_AGGRESSIVE;
				CLANG_CXX_LANGUAGE_STANDARD = "gnu++20";
				CLANG_ENABLE_MODULES = YES;
				CLANG_ENABLE_OBJC_ARC = YES;
				CLANG_ENABLE_OBJC_WEAK = YES;
				CLANG_WARN_BLOCK_CAPTURE_AUTORELEASING = YES;
				CLANG_WARN_BOOL_CONVERSION = YES;
				CLANG_WARN_COMMA = YES;
				CLANG_WARN_CONSTANT_CONVERSION = YES;
				CLANG_WARN_DEPRECATED_OBJC_IMPLEMENTATIONS = YES;
				CLANG_WARN_DIRECT_OBJC_ISA_USAGE = YES_ERROR;
				CLANG_WARN_DOCUMENTATION_COMMENTS = YES;
				CLANG_WARN_EMPTY_BODY = YES;
				CLANG_WARN_ENUM_CONVERSION = YES;
				CLANG_WARN_INFINITE_RECURSION = YES;
				CLANG_WARN_INT_CONVERSION = YES;
				CLANG_WARN_NON_LITERAL_NULL_CONVERSION = YES;
				CLANG_WARN_OBJC_IMPLICIT_RETAIN_SELF = YES;
				CLANG_WARN_OBJC_LITERAL_CONVERSION = YES;
				CLANG_WARN_OBJC_ROOT_CLASS = YES_ERROR;
				CLANG_WARN_QUOTED_INCLUDE_IN_FRAMEWORK_HEADER = YES;
				CLANG_WARN_RANGE_LOOP_ANALYSIS = YES;
				CLANG_WARN_STRICT_PROTOTYPES = YES;
				CLANG_WARN_SUSPICIOUS_MOVE = YES;
				CLANG_WARN_UNGUARDED_AVAILABILITY = YES_AGGRESSIVE;
				CLANG_WARN_UNREACHABLE_CODE = YES;
				CLANG_WARN__DUPLICATE_METHOD_MATCH = YES;
				COPY_PHASE_STRIP = NO;
				DEBUG_INFORMATION_FORMAT = dwarf;
				ENABLE_STRICT_OBJC_MSGSEND = YES;
				ENABLE_TESTABILITY = YES;
				ENABLE_USER_SCRIPT_SANDBOXING = YES;
				GCC_C_LANGUAGE_STANDARD = gnu17;
				GCC_DYNAMIC_NO_PIC = NO;
				GCC_NO_COMMON_BLOCKS = YES;
				GCC_OPTIMIZATION_LEVEL = 0;
				GCC_PREPROCESSOR_DEFINITIONS = (
					"DEBUG=1",
					"$(inherited)",
				);
				GCC_WARN_64_TO_32_BIT_CONVERSION = YES;
				GCC_WARN_ABOUT_RETURN_TYPE = YES_ERROR;
				GCC_WARN_UNDECLARED_SELECTOR = YES;
				GCC_WARN_UNINITIALIZED_AUTOS = YES_AGGRESSIVE;
				GCC_WARN_UNUSED_FUNCTION = YES;
				GCC_WARN_UNUSED_VARIABLE = YES;
				IPHONEOS_DEPLOYMENT_TARGET = 17.4;
				LOCALIZATION_PREFERS_STRING_CATALOGS = YES;
				MTL_ENABLE_DEBUG_INFO = INCLUDE_SOURCE;
				MTL_FAST_MATH = YES;
				ONLY_ACTIVE_ARCH = YES;
				SDKROOT = iphoneos;
				SWIFT_ACTIVE_COMPILATION_CONDITIONS = "DEBUG $(inherited)";
				SWIFT_OPTIMIZATION_LEVEL = "-Onone";
			};
			name = Debug;
		};
		5C81BD212C61419600AFDCE2 /* Release */ = {
			isa = XCBuildConfiguration;
			buildSettings = {
				ALWAYS_SEARCH_USER_PATHS = NO;
				ASSETCATALOG_COMPILER_GENERATE_SWIFT_ASSET_SYMBOL_EXTENSIONS = YES;
				CLANG_ANALYZER_NONNULL = YES;
				CLANG_ANALYZER_NUMBER_OBJECT_CONVERSION = YES_AGGRESSIVE;
				CLANG_CXX_LANGUAGE_STANDARD = "gnu++20";
				CLANG_ENABLE_MODULES = YES;
				CLANG_ENABLE_OBJC_ARC = YES;
				CLANG_ENABLE_OBJC_WEAK = YES;
				CLANG_WARN_BLOCK_CAPTURE_AUTORELEASING = YES;
				CLANG_WARN_BOOL_CONVERSION = YES;
				CLANG_WARN_COMMA = YES;
				CLANG_WARN_CONSTANT_CONVERSION = YES;
				CLANG_WARN_DEPRECATED_OBJC_IMPLEMENTATIONS = YES;
				CLANG_WARN_DIRECT_OBJC_ISA_USAGE = YES_ERROR;
				CLANG_WARN_DOCUMENTATION_COMMENTS = YES;
				CLANG_WARN_EMPTY_BODY = YES;
				CLANG_WARN_ENUM_CONVERSION = YES;
				CLANG_WARN_INFINITE_RECURSION = YES;
				CLANG_WARN_INT_CONVERSION = YES;
				CLANG_WARN_NON_LITERAL_NULL_CONVERSION = YES;
				CLANG_WARN_OBJC_IMPLICIT_RETAIN_SELF = YES;
				CLANG_WARN_OBJC_LITERAL_CONVERSION = YES;
				CLANG_WARN_OBJC_ROOT_CLASS = YES_ERROR;
				CLANG_WARN_QUOTED_INCLUDE_IN_FRAMEWORK_HEADER = YES;
				CLANG_WARN_RANGE_LOOP_ANALYSIS = YES;
				CLANG_WARN_STRICT_PROTOTYPES = YES;
				CLANG_WARN_SUSPICIOUS_MOVE = YES;
				CLANG_WARN_UNGUARDED_AVAILABILITY = YES_AGGRESSIVE;
				CLANG_WARN_UNREACHABLE_CODE = YES;
				CLANG_WARN__DUPLICATE_METHOD_MATCH = YES;
				COPY_PHASE_STRIP = NO;
				DEBUG_INFORMATION_FORMAT = "dwarf-with-dsym";
				ENABLE_NS_ASSERTIONS = NO;
				ENABLE_STRICT_OBJC_MSGSEND = YES;
				ENABLE_USER_SCRIPT_SANDBOXING = YES;
				GCC_C_LANGUAGE_STANDARD = gnu17;
				GCC_NO_COMMON_BLOCKS = YES;
				GCC_WARN_64_TO_32_BIT_CONVERSION = YES;
				GCC_WARN_ABOUT_RETURN_TYPE = YES_ERROR;
				GCC_WARN_UNDECLARED_SELECTOR = YES;
				GCC_WARN_UNINITIALIZED_AUTOS = YES_AGGRESSIVE;
				GCC_WARN_UNUSED_FUNCTION = YES;
				GCC_WARN_UNUSED_VARIABLE = YES;
				IPHONEOS_DEPLOYMENT_TARGET = 17.4;
				LOCALIZATION_PREFERS_STRING_CATALOGS = YES;
				MTL_ENABLE_DEBUG_INFO = NO;
				MTL_FAST_MATH = YES;
				SDKROOT = iphoneos;
				SWIFT_COMPILATION_MODE = wholemodule;
				VALIDATE_PRODUCT = YES;
			};
			name = Release;
		};
		5C81BD232C61419600AFDCE2 /* Debug */ = {
			isa = XCBuildConfiguration;
			buildSettings = {
				ASSETCATALOG_COMPILER_APPICON_NAME = AppIcon;
				ASSETCATALOG_COMPILER_GLOBAL_ACCENT_COLOR_NAME = AccentColor;
				CODE_SIGN_IDENTITY = "Apple Development";
				CODE_SIGN_STYLE = Automatic;
				CURRENT_PROJECT_VERSION = 1;
				DEVELOPMENT_TEAM = 2R3BDS9Q9N;
				ENABLE_PREVIEWS = YES;
				GENERATE_INFOPLIST_FILE = YES;
				INFOPLIST_FILE = "Rolling Cosmo Balls/Info.plist";
				INFOPLIST_KEY_CFBundleDisplayName = "Rolling Cosmo Balls";
				INFOPLIST_KEY_UIApplicationSceneManifest_Generation = YES;
				INFOPLIST_KEY_UIApplicationSupportsIndirectInputEvents = YES;
				INFOPLIST_KEY_UILaunchScreen_Generation = YES;
				INFOPLIST_KEY_UILaunchStoryboardName = "Launch Screen";
				INFOPLIST_KEY_UISupportedInterfaceOrientations = "UIInterfaceOrientationLandscapeLeft UIInterfaceOrientationLandscapeRight";
				INFOPLIST_KEY_UISupportedInterfaceOrientations_iPad = "UIInterfaceOrientationLandscapeLeft UIInterfaceOrientationLandscapeRight UIInterfaceOrientationPortrait UIInterfaceOrientationPortraitUpsideDown";
				IPHONEOS_DEPLOYMENT_TARGET = 16.0;
				LD_RUNPATH_SEARCH_PATHS = (
					"$(inherited)",
					"@executable_path/Frameworks",
				);
				MARKETING_VERSION = 1.0;
				PRODUCT_BUNDLE_IDENTIFIER = com.map.rollingBalls;
				PRODUCT_NAME = "$(TARGET_NAME)";
				PROVISIONING_PROFILE_SPECIFIER = "";
				SUPPORTED_PLATFORMS = "iphoneos iphonesimulator";
				SUPPORTS_MACCATALYST = NO;
				SWIFT_EMIT_LOC_STRINGS = YES;
				SWIFT_VERSION = 5.0;
				TARGETED_DEVICE_FAMILY = 1;
			};
			name = Debug;
		};
		5C81BD242C61419600AFDCE2 /* Release */ = {
			isa = XCBuildConfiguration;
			buildSettings = {
				ASSETCATALOG_COMPILER_APPICON_NAME = AppIcon;
				ASSETCATALOG_COMPILER_GLOBAL_ACCENT_COLOR_NAME = AccentColor;
				CODE_SIGN_IDENTITY = "Apple Development";
				CODE_SIGN_STYLE = Automatic;
				CURRENT_PROJECT_VERSION = 1;
				DEVELOPMENT_TEAM = 2R3BDS9Q9N;
				ENABLE_PREVIEWS = YES;
				GENERATE_INFOPLIST_FILE = YES;
				INFOPLIST_FILE = "Rolling Cosmo Balls/Info.plist";
				INFOPLIST_KEY_CFBundleDisplayName = "Rolling Cosmo Balls";
				INFOPLIST_KEY_UIApplicationSceneManifest_Generation = YES;
				INFOPLIST_KEY_UIApplicationSupportsIndirectInputEvents = YES;
				INFOPLIST_KEY_UILaunchScreen_Generation = YES;
				INFOPLIST_KEY_UILaunchStoryboardName = "Launch Screen";
				INFOPLIST_KEY_UISupportedInterfaceOrientations = "UIInterfaceOrientationLandscapeLeft UIInterfaceOrientationLandscapeRight";
				INFOPLIST_KEY_UISupportedInterfaceOrientations_iPad = "UIInterfaceOrientationLandscapeLeft UIInterfaceOrientationLandscapeRight UIInterfaceOrientationPortrait UIInterfaceOrientationPortraitUpsideDown";
				IPHONEOS_DEPLOYMENT_TARGET = 16.0;
				LD_RUNPATH_SEARCH_PATHS = (
					"$(inherited)",
					"@executable_path/Frameworks",
				);
				MARKETING_VERSION = 1.0;
				PRODUCT_BUNDLE_IDENTIFIER = com.map.rollingBalls;
				PRODUCT_NAME = "$(TARGET_NAME)";
				PROVISIONING_PROFILE_SPECIFIER = "";
				SUPPORTED_PLATFORMS = "iphoneos iphonesimulator";
				SUPPORTS_MACCATALYST = NO;
				SWIFT_EMIT_LOC_STRINGS = YES;
				SWIFT_VERSION = 5.0;
				TARGETED_DEVICE_FAMILY = 1;
			};
			name = Release;
		};
/* End XCBuildConfiguration section */

/* Begin XCConfigurationList section */
		5C81BD0F2C61419400AFDCE2 /* Build configuration list for PBXProject "Rolling Cosmo Balls" */ = {
			isa = XCConfigurationList;
			buildConfigurations = (
				5C81BD202C61419600AFDCE2 /* Debug */,
				5C81BD212C61419600AFDCE2 /* Release */,
			);
			defaultConfigurationIsVisible = 0;
			defaultConfigurationName = Release;
		};
		5C81BD222C61419600AFDCE2 /* Build configuration list for PBXNativeTarget "Rolling Cosmo Balls" */ = {
			isa = XCConfigurationList;
			buildConfigurations = (
				5C81BD232C61419600AFDCE2 /* Debug */,
				5C81BD242C61419600AFDCE2 /* Release */,
			);
			defaultConfigurationIsVisible = 0;
			defaultConfigurationName = Release;
		};
/* End XCConfigurationList section */
	};
	rootObject = 5C81BD0C2C61419400AFDCE2 /* Project object */;
}
